
Microsoft Visual Studio Solution File, Format Version 12.00
# Visual Studio Version 17
VisualStudioVersion = 17.4.33213.308
MinimumVisualStudioVersion = 10.0.40219.1
Project("{FAE04EC0-301F-11D3-BF4B-00C04F79EFBC}") = "ABET-assessment-api", "ABET-assessment-api\ABET-assessment-api.csproj", "{C75CB93D-A541-4C55-9025-79259132DCBF}"
EndProject
Global
	GlobalSection(SolutionConfigurationPlatforms) = preSolution
		Debug|Any CPU = Debug|Any CPU
		Release|Any CPU = Release|Any CPU
	EndGlobalSection
	GlobalSection(ProjectConfigurationPlatforms) = postSolution
		{C75CB93D-A541-4C55-9025-79259132DCBF}.Debug|Any CPU.ActiveCfg = Debug|Any CPU
		{C75CB93D-A541-4C55-9025-79259132DCBF}.Debug|Any CPU.Build.0 = Debug|Any CPU
		{C75CB93D-A541-4C55-9025-79259132DCBF}.Release|Any CPU.ActiveCfg = Release|Any CPU
		{C75CB93D-A541-4C55-9025-79259132DCBF}.Release|Any CPU.Build.0 = Release|Any CPU
	EndGlobalSection
	GlobalSection(SolutionProperties) = preSolution
		HideSolutionNode = FALSE
	EndGlobalSection
	GlobalSection(ExtensibilityGlobals) = postSolution
		SolutionGuid = {BA243AC9-216C-41B5-BBD0-CA27EF611CC7}
	EndGlobalSection
EndGlobal
